
Microsoft Visual Studio Solution File, Format Version 12.00
# Visual Studio 15
VisualStudioVersion = 15.0.26403.7
MinimumVisualStudioVersion = 10.0.40219.1
Project("{2150E333-8FDC-42A3-9474-1A3956D46DE8}") = "Solution Items", "Solution Items", "{F99425FF-A677-4B50-92F2-70D8E09765A6}"
	ProjectSection(SolutionItems) = preProject
		.gitignore = .gitignore
		appveyor.yml = appveyor.yml
		build.cake = build.cake
		build.cmd = build.cmd
		build.ps1 = build.ps1
		README.md = README.md
	EndProjectSection
EndProject
Project("{2150E333-8FDC-42A3-9474-1A3956D46DE8}") = "tools", "tools", "{463257AD-AF63-47AC-BDEE-B50BED0A2AAD}"
	ProjectSection(SolutionItems) = preProject
		tools\packages.config = tools\packages.config
	EndProjectSection
EndProject
Project("{9A19103F-16F7-4668-BE54-9A1E7A4F7556}") = "Quarks.DomainModel", "src\Quarks.DomainModel\Quarks.DomainModel.csproj", "{F7D522BD-B480-4F62-9F77-392E56E88FB2}"
EndProject
Project("{9A19103F-16F7-4668-BE54-9A1E7A4F7556}") = "Quarks.DomainModel.Tests", "tests\Quarks.DomainModel.Tests\Quarks.DomainModel.Tests.csproj", "{9B7A0314-605A-4F56-89AE-9DBA5A843086}"
EndProject
Global
	GlobalSection(SolutionConfigurationPlatforms) = preSolution
		Debug|Any CPU = Debug|Any CPU
		Release|Any CPU = Release|Any CPU
	EndGlobalSection
	GlobalSection(ProjectConfigurationPlatforms) = postSolution
		{F7D522BD-B480-4F62-9F77-392E56E88FB2}.Debug|Any CPU.ActiveCfg = Debug|Any CPU
		{F7D522BD-B480-4F62-9F77-392E56E88FB2}.Debug|Any CPU.Build.0 = Debug|Any CPU
		{F7D522BD-B480-4F62-9F77-392E56E88FB2}.Release|Any CPU.ActiveCfg = Release|Any CPU
		{F7D522BD-B480-4F62-9F77-392E56E88FB2}.Release|Any CPU.Build.0 = Release|Any CPU
		{9B7A0314-605A-4F56-89AE-9DBA5A843086}.Debug|Any CPU.ActiveCfg = Debug|Any CPU
		{9B7A0314-605A-4F56-89AE-9DBA5A843086}.Debug|Any CPU.Build.0 = Debug|Any CPU
		{9B7A0314-605A-4F56-89AE-9DBA5A843086}.Release|Any CPU.ActiveCfg = Release|Any CPU
		{9B7A0314-605A-4F56-89AE-9DBA5A843086}.Release|Any CPU.Build.0 = Release|Any CPU
	EndGlobalSection
	GlobalSection(SolutionProperties) = preSolution
		HideSolutionNode = FALSE
	EndGlobalSection
	GlobalSection(NestedProjects) = preSolution
		{463257AD-AF63-47AC-BDEE-B50BED0A2AAD} = {F99425FF-A677-4B50-92F2-70D8E09765A6}
	EndGlobalSection
EndGlobal
